
Microsoft Visual Studio Solution File, Format Version 12.00
Project("{FAE04EC0-301F-11D3-BF4B-00C04F79EFBC}") = "BBTool.Core", "BBTool.Core\BBTool.Core.csproj", "{BD8CD044-A114-43DE-B4E6-75C297549E5E}"
EndProject
Project("{FAE04EC0-301F-11D3-BF4B-00C04F79EFBC}") = "camsg", "camsg\camsg.csproj", "{3B47289A-8271-4407-A9C6-F77D87AD0C6A}"
EndProject
Project("{FAE04EC0-301F-11D3-BF4B-00C04F79EFBC}") = "LoginTest", "Tests\LoginTest\LoginTest.csproj", "{7C5B9D54-9807-48AE-8FC0-EA3AAD824A30}"
EndProject
Project("{2150E333-8FDC-42A3-9474-1A3956D46DE8}") = "Tests", "Tests", "{407B484E-A12F-479A-A1A9-F0121A2F53CE}"
EndProject
Project("{FAE04EC0-301F-11D3-BF4B-00C04F79EFBC}") = "KeyIntTest", "Tests\KeyIntTest\KeyIntTest.csproj", "{409667E5-4A58-438E-AD3D-DEB58B982E6B}"
EndProject
Global
	GlobalSection(SolutionConfigurationPlatforms) = preSolution
		Debug|Any CPU = Debug|Any CPU
		Release|Any CPU = Release|Any CPU
	EndGlobalSection
	GlobalSection(ProjectConfigurationPlatforms) = postSolution
		{BD8CD044-A114-43DE-B4E6-75C297549E5E}.Debug|Any CPU.ActiveCfg = Debug|Any CPU
		{BD8CD044-A114-43DE-B4E6-75C297549E5E}.Debug|Any CPU.Build.0 = Debug|Any CPU
		{BD8CD044-A114-43DE-B4E6-75C297549E5E}.Release|Any CPU.ActiveCfg = Release|Any CPU
		{BD8CD044-A114-43DE-B4E6-75C297549E5E}.Release|Any CPU.Build.0 = Release|Any CPU
		{3B47289A-8271-4407-A9C6-F77D87AD0C6A}.Debug|Any CPU.ActiveCfg = Debug|Any CPU
		{3B47289A-8271-4407-A9C6-F77D87AD0C6A}.Debug|Any CPU.Build.0 = Debug|Any CPU
		{3B47289A-8271-4407-A9C6-F77D87AD0C6A}.Release|Any CPU.ActiveCfg = Release|Any CPU
		{3B47289A-8271-4407-A9C6-F77D87AD0C6A}.Release|Any CPU.Build.0 = Release|Any CPU
		{7C5B9D54-9807-48AE-8FC0-EA3AAD824A30}.Debug|Any CPU.ActiveCfg = Debug|Any CPU
		{7C5B9D54-9807-48AE-8FC0-EA3AAD824A30}.Debug|Any CPU.Build.0 = Debug|Any CPU
		{7C5B9D54-9807-48AE-8FC0-EA3AAD824A30}.Release|Any CPU.ActiveCfg = Release|Any CPU
		{7C5B9D54-9807-48AE-8FC0-EA3AAD824A30}.Release|Any CPU.Build.0 = Release|Any CPU
		{409667E5-4A58-438E-AD3D-DEB58B982E6B}.Debug|Any CPU.ActiveCfg = Debug|Any CPU
		{409667E5-4A58-438E-AD3D-DEB58B982E6B}.Debug|Any CPU.Build.0 = Debug|Any CPU
		{409667E5-4A58-438E-AD3D-DEB58B982E6B}.Release|Any CPU.ActiveCfg = Release|Any CPU
		{409667E5-4A58-438E-AD3D-DEB58B982E6B}.Release|Any CPU.Build.0 = Release|Any CPU
	EndGlobalSection
	GlobalSection(NestedProjects) = preSolution
		{7C5B9D54-9807-48AE-8FC0-EA3AAD824A30} = {407B484E-A12F-479A-A1A9-F0121A2F53CE}
		{409667E5-4A58-438E-AD3D-DEB58B982E6B} = {407B484E-A12F-479A-A1A9-F0121A2F53CE}
	EndGlobalSection
EndGlobal
